
Microsoft Visual Studio Solution File, Format Version 12.00
# Visual Studio 14
VisualStudioVersion = 14.0.23107.0
MinimumVisualStudioVersion = 10.0.40219.1
Project("{2150E333-8FDC-42A3-9474-1A3956D46DE8}") = "0 - Presentation", "0 - Presentation", "{AB227980-8C99-4077-BC3B-DBD94B6F6A83}"
EndProject
Project("{2150E333-8FDC-42A3-9474-1A3956D46DE8}") = "1 - Services", "1 - Services", "{601D6DFB-8420-48A1-A7BB-38865C44CC34}"
EndProject
Project("{2150E333-8FDC-42A3-9474-1A3956D46DE8}") = "2 - Application", "2 - Application", "{35CE82E8-9A10-47C9-A5B7-8917D13F07FE}"
EndProject
Project("{2150E333-8FDC-42A3-9474-1A3956D46DE8}") = "3 - Domain", "3 - Domain", "{105E8F96-021F-4DB1-B1D1-962C576EB3C2}"
EndProject
Project("{2150E333-8FDC-42A3-9474-1A3956D46DE8}") = "4 - Infrastructure", "4 - Infrastructure", "{73491ADE-F8E6-4237-8AB8-926BAB098F1A}"
EndProject
Project("{2150E333-8FDC-42A3-9474-1A3956D46DE8}") = "4.1 - Data", "4.1 - Data", "{83D566EE-9F63-463A-8A74-15D88AD5FF08}"
EndProject
Project("{2150E333-8FDC-42A3-9474-1A3956D46DE8}") = "4.1 - Cross Cutting", "4.1 - Cross Cutting", "{1BD7032E-B133-4F3C-9EB5-BC7E0E0E9F0F}"
EndProject
Project("{FAE04EC0-301F-11D3-BF4B-00C04F79EFBC}") = "HTML5.ScratchPad.DDD.MVC.Full", "HTML5.ScratchPad.DDD.MVC.Full\HTML5.ScratchPad.DDD.MVC.Full.csproj", "{20A4F9BD-C5A4-4DF9-89FA-2AA874E116F3}"
EndProject
Project("{FAE04EC0-301F-11D3-BF4B-00C04F79EFBC}") = "HTML5.ScratchPad.DDD.Domain", "HTML5.ScratchPad.DDD.Domain\HTML5.ScratchPad.DDD.Domain.csproj", "{961FE1F2-CEAB-4C00-89DE-7E061965ED62}"
EndProject
Project("{FAE04EC0-301F-11D3-BF4B-00C04F79EFBC}") = "HTML5.ScratchPad.DDD.Infra.Data", "HTML5.ScratchPad.DDD.Infra.Data\HTML5.ScratchPad.DDD.Infra.Data.csproj", "{BE25C4A1-88B9-44DB-A2FA-FC37B063C3D8}"
EndProject
Project("{FAE04EC0-301F-11D3-BF4B-00C04F79EFBC}") = "HTML5.ScratchPad.DDD.Application", "HTML5.ScratchPad.DDD.Application\HTML5.ScratchPad.DDD.Application.csproj", "{40EC25B0-BF2A-43BF-BD2E-0DE00485EF53}"
EndProject
Project("{FAE04EC0-301F-11D3-BF4B-00C04F79EFBC}") = "HTML5.ScratchPad.DDD.WebAPI", "HTML5.ScratchPad.DDD.WebAPI\HTML5.ScratchPad.DDD.WebAPI.csproj", "{F2ECA507-DA52-4A52-9663-A62BE3F7A119}"
EndProject
Project("{FAE04EC0-301F-11D3-BF4B-00C04F79EFBC}") = "HTML5.ScratchPad.DDD.WebServices", "HTML5.ScratchPad.DDD.WebServices\HTML5.ScratchPad.DDD.WebServices.csproj", "{8A114C8A-DFBB-4345-A112-DE88643FC753}"
EndProject
Project("{2150E333-8FDC-42A3-9474-1A3956D46DE8}") = "MVC5.KnockoutAndRequire", "MVC5.KnockoutAndRequire", "{5CCBFB33-0837-4154-8F2D-4307F4B1810F}"
EndProject
Project("{FAE04EC0-301F-11D3-BF4B-00C04F79EFBC}") = "HTML5.ScratchPad.Knockout.Require.DataGrid", "HTML5.ScratchPad.Knockout.Require.DataGrid\HTML5.ScratchPad.Knockout.Require.DataGrid.csproj", "{AB9A4242-E6E1-4288-BCD0-ED6CEA9ABBA1}"
EndProject
Project("{2150E333-8FDC-42A3-9474-1A3956D46DE8}") = "SPA.AngularJS", "SPA.AngularJS", "{D881440A-3ED8-4F6A-8BB7-C48167EF066C}"
EndProject
Project("{FAE04EC0-301F-11D3-BF4B-00C04F79EFBC}") = "HTML5.ScratchPad.Angular.Spa", "HTML5.ScratchPad.Angular.Spa\HTML5.ScratchPad.Angular.Spa.csproj", "{94590928-E6A5-4458-B1C7-5821EB9A36F3}"
EndProject
Project("{2150E333-8FDC-42A3-9474-1A3956D46DE8}") = "Solution Items", "Solution Items", "{9AD87F3F-5D8D-42AE-85B5-46D42AAF7E39}"
	ProjectSection(SolutionItems) = preProject
		WebEssentials2015-Settings.json = WebEssentials2015-Settings.json
	EndProjectSection
EndProject
Project("{FAE04EC0-301F-11D3-BF4B-00C04F79EFBC}") = "HTML5.ScratchPad.AngularGrid.Web", "HTML5.ScratchPad.AngularGrid.Web\HTML5.ScratchPad.AngularGrid.Web.csproj", "{4FEC1FD9-2095-4AA2-BFA8-9D0092F0A311}"
EndProject
Global
	GlobalSection(SolutionConfigurationPlatforms) = preSolution
		Debug|Any CPU = Debug|Any CPU
		Release|Any CPU = Release|Any CPU
	EndGlobalSection
	GlobalSection(ProjectConfigurationPlatforms) = postSolution
		{20A4F9BD-C5A4-4DF9-89FA-2AA874E116F3}.Debug|Any CPU.ActiveCfg = Debug|Any CPU
		{20A4F9BD-C5A4-4DF9-89FA-2AA874E116F3}.Debug|Any CPU.Build.0 = Debug|Any CPU
		{20A4F9BD-C5A4-4DF9-89FA-2AA874E116F3}.Release|Any CPU.ActiveCfg = Release|Any CPU
		{20A4F9BD-C5A4-4DF9-89FA-2AA874E116F3}.Release|Any CPU.Build.0 = Release|Any CPU
		{961FE1F2-CEAB-4C00-89DE-7E061965ED62}.Debug|Any CPU.ActiveCfg = Debug|Any CPU
		{961FE1F2-CEAB-4C00-89DE-7E061965ED62}.Debug|Any CPU.Build.0 = Debug|Any CPU
		{961FE1F2-CEAB-4C00-89DE-7E061965ED62}.Release|Any CPU.ActiveCfg = Release|Any CPU
		{961FE1F2-CEAB-4C00-89DE-7E061965ED62}.Release|Any CPU.Build.0 = Release|Any CPU
		{BE25C4A1-88B9-44DB-A2FA-FC37B063C3D8}.Debug|Any CPU.ActiveCfg = Debug|Any CPU
		{BE25C4A1-88B9-44DB-A2FA-FC37B063C3D8}.Debug|Any CPU.Build.0 = Debug|Any CPU
		{BE25C4A1-88B9-44DB-A2FA-FC37B063C3D8}.Release|Any CPU.ActiveCfg = Release|Any CPU
		{BE25C4A1-88B9-44DB-A2FA-FC37B063C3D8}.Release|Any CPU.Build.0 = Release|Any CPU
		{40EC25B0-BF2A-43BF-BD2E-0DE00485EF53}.Debug|Any CPU.ActiveCfg = Debug|Any CPU
		{40EC25B0-BF2A-43BF-BD2E-0DE00485EF53}.Debug|Any CPU.Build.0 = Debug|Any CPU
		{40EC25B0-BF2A-43BF-BD2E-0DE00485EF53}.Release|Any CPU.ActiveCfg = Release|Any CPU
		{40EC25B0-BF2A-43BF-BD2E-0DE00485EF53}.Release|Any CPU.Build.0 = Release|Any CPU
		{F2ECA507-DA52-4A52-9663-A62BE3F7A119}.Debug|Any CPU.ActiveCfg = Debug|Any CPU
		{F2ECA507-DA52-4A52-9663-A62BE3F7A119}.Debug|Any CPU.Build.0 = Debug|Any CPU
		{F2ECA507-DA52-4A52-9663-A62BE3F7A119}.Release|Any CPU.ActiveCfg = Release|Any CPU
		{F2ECA507-DA52-4A52-9663-A62BE3F7A119}.Release|Any CPU.Build.0 = Release|Any CPU
		{8A114C8A-DFBB-4345-A112-DE88643FC753}.Debug|Any CPU.ActiveCfg = Debug|Any CPU
		{8A114C8A-DFBB-4345-A112-DE88643FC753}.Debug|Any CPU.Build.0 = Debug|Any CPU
		{8A114C8A-DFBB-4345-A112-DE88643FC753}.Release|Any CPU.ActiveCfg = Release|Any CPU
		{8A114C8A-DFBB-4345-A112-DE88643FC753}.Release|Any CPU.Build.0 = Release|Any CPU
		{AB9A4242-E6E1-4288-BCD0-ED6CEA9ABBA1}.Debug|Any CPU.ActiveCfg = Debug|Any CPU
		{AB9A4242-E6E1-4288-BCD0-ED6CEA9ABBA1}.Debug|Any CPU.Build.0 = Debug|Any CPU
		{AB9A4242-E6E1-4288-BCD0-ED6CEA9ABBA1}.Release|Any CPU.ActiveCfg = Release|Any CPU
		{AB9A4242-E6E1-4288-BCD0-ED6CEA9ABBA1}.Release|Any CPU.Build.0 = Release|Any CPU
		{94590928-E6A5-4458-B1C7-5821EB9A36F3}.Debug|Any CPU.ActiveCfg = Debug|Any CPU
		{94590928-E6A5-4458-B1C7-5821EB9A36F3}.Debug|Any CPU.Build.0 = Debug|Any CPU
		{94590928-E6A5-4458-B1C7-5821EB9A36F3}.Release|Any CPU.ActiveCfg = Release|Any CPU
		{94590928-E6A5-4458-B1C7-5821EB9A36F3}.Release|Any CPU.Build.0 = Release|Any CPU
		{4FEC1FD9-2095-4AA2-BFA8-9D0092F0A311}.Debug|Any CPU.ActiveCfg = Debug|Any CPU
		{4FEC1FD9-2095-4AA2-BFA8-9D0092F0A311}.Debug|Any CPU.Build.0 = Debug|Any CPU
		{4FEC1FD9-2095-4AA2-BFA8-9D0092F0A311}.Release|Any CPU.ActiveCfg = Release|Any CPU
		{4FEC1FD9-2095-4AA2-BFA8-9D0092F0A311}.Release|Any CPU.Build.0 = Release|Any CPU
	EndGlobalSection
	GlobalSection(SolutionProperties) = preSolution
		HideSolutionNode = FALSE
	EndGlobalSection
	GlobalSection(NestedProjects) = preSolution
		{83D566EE-9F63-463A-8A74-15D88AD5FF08} = {73491ADE-F8E6-4237-8AB8-926BAB098F1A}
		{1BD7032E-B133-4F3C-9EB5-BC7E0E0E9F0F} = {73491ADE-F8E6-4237-8AB8-926BAB098F1A}
		{20A4F9BD-C5A4-4DF9-89FA-2AA874E116F3} = {AB227980-8C99-4077-BC3B-DBD94B6F6A83}
		{961FE1F2-CEAB-4C00-89DE-7E061965ED62} = {105E8F96-021F-4DB1-B1D1-962C576EB3C2}
		{BE25C4A1-88B9-44DB-A2FA-FC37B063C3D8} = {83D566EE-9F63-463A-8A74-15D88AD5FF08}
		{40EC25B0-BF2A-43BF-BD2E-0DE00485EF53} = {35CE82E8-9A10-47C9-A5B7-8917D13F07FE}
		{F2ECA507-DA52-4A52-9663-A62BE3F7A119} = {601D6DFB-8420-48A1-A7BB-38865C44CC34}
		{8A114C8A-DFBB-4345-A112-DE88643FC753} = {601D6DFB-8420-48A1-A7BB-38865C44CC34}
		{AB9A4242-E6E1-4288-BCD0-ED6CEA9ABBA1} = {5CCBFB33-0837-4154-8F2D-4307F4B1810F}
		{94590928-E6A5-4458-B1C7-5821EB9A36F3} = {D881440A-3ED8-4F6A-8BB7-C48167EF066C}
		{4FEC1FD9-2095-4AA2-BFA8-9D0092F0A311} = {D881440A-3ED8-4F6A-8BB7-C48167EF066C}
	EndGlobalSection
EndGlobal
